
Microsoft Visual Studio Solution File, Format Version 12.00
# Visual Studio Version 17
VisualStudioVersion = 17.5.002.0
MinimumVisualStudioVersion = 10.0.40219.1
Project("{9A19103F-16F7-4668-BE54-9A1E7A4F7556}") = "20_so_nguyen_to_dau_tien", "20_so_nguyen_to_dau_tien.csproj", "{FDB89640-D8CB-4E02-B12B-2C868F251A40}"
EndProject
Global
	GlobalSection(SolutionConfigurationPlatforms) = preSolution
		Debug|Any CPU = Debug|Any CPU
		Release|Any CPU = Release|Any CPU
	EndGlobalSection
	GlobalSection(ProjectConfigurationPlatforms) = postSolution
		{FDB89640-D8CB-4E02-B12B-2C868F251A40}.Debug|Any CPU.ActiveCfg = Debug|Any CPU
		{FDB89640-D8CB-4E02-B12B-2C868F251A40}.Debug|Any CPU.Build.0 = Debug|Any CPU
		{FDB89640-D8CB-4E02-B12B-2C868F251A40}.Release|Any CPU.ActiveCfg = Release|Any CPU
		{FDB89640-D8CB-4E02-B12B-2C868F251A40}.Release|Any CPU.Build.0 = Release|Any CPU
	EndGlobalSection
	GlobalSection(SolutionProperties) = preSolution
		HideSolutionNode = FALSE
	EndGlobalSection
	GlobalSection(ExtensibilityGlobals) = postSolution
		SolutionGuid = {7CBA98D3-893A-4BDD-84E0-4F7FFCCF6148}
	EndGlobalSection
EndGlobal
